
Microsoft Visual Studio Solution File, Format Version 12.00
# Visual Studio Version 17
VisualStudioVersion = 17.10.35013.160
MinimumVisualStudioVersion = 10.0.40219.1
Project("{FAE04EC0-301F-11D3-BF4B-00C04F79EFBC}") = "WaterBottles", "WaterBottles.csproj", "{817B1B2F-5C74-401F-9F54-E3761993296D}"
EndProject
Global
	GlobalSection(SolutionConfigurationPlatforms) = preSolution
		Debug|Any CPU = Debug|Any CPU
		Release|Any CPU = Release|Any CPU
	EndGlobalSection
	GlobalSection(ProjectConfigurationPlatforms) = postSolution
		{817B1B2F-5C74-401F-9F54-E3761993296D}.Debug|Any CPU.ActiveCfg = Debug|Any CPU
		{817B1B2F-5C74-401F-9F54-E3761993296D}.Debug|Any CPU.Build.0 = Debug|Any CPU
		{817B1B2F-5C74-401F-9F54-E3761993296D}.Release|Any CPU.ActiveCfg = Release|Any CPU
		{817B1B2F-5C74-401F-9F54-E3761993296D}.Release|Any CPU.Build.0 = Release|Any CPU
	EndGlobalSection
	GlobalSection(SolutionProperties) = preSolution
		HideSolutionNode = FALSE
	EndGlobalSection
	GlobalSection(ExtensibilityGlobals) = postSolution
		SolutionGuid = {E2E64D7A-C133-4231-8D8E-14607E06C8CF}
	EndGlobalSection
EndGlobal
